
Microsoft Visual Studio Solution File, Format Version 12.00
# Visual Studio Version 17
VisualStudioVersion = 17.0.31912.275
MinimumVisualStudioVersion = 10.0.40219.1
Project("{FAE04EC0-301F-11D3-BF4B-00C04F79EFBC}") = "Chat.Web", "Chat.Web\Chat.Web.csproj", "{24F94A8E-2F79-4318-AE60-F84FE3D7AF2A}"
EndProject
Global
	GlobalSection(SolutionConfigurationPlatforms) = preSolution
		Debug|Any CPU = Debug|Any CPU
		Release|Any CPU = Release|Any CPU
	EndGlobalSection
	GlobalSection(ProjectConfigurationPlatforms) = postSolution
		{24F94A8E-2F79-4318-AE60-F84FE3D7AF2A}.Debug|Any CPU.ActiveCfg = Debug|Any CPU
		{24F94A8E-2F79-4318-AE60-F84FE3D7AF2A}.Debug|Any CPU.Build.0 = Debug|Any CPU
		{24F94A8E-2F79-4318-AE60-F84FE3D7AF2A}.Release|Any CPU.ActiveCfg = Release|Any CPU
		{24F94A8E-2F79-4318-AE60-F84FE3D7AF2A}.Release|Any CPU.Build.0 = Release|Any CPU
	EndGlobalSection
	GlobalSection(SolutionProperties) = preSolution
		HideSolutionNode = FALSE
	EndGlobalSection
	GlobalSection(ExtensibilityGlobals) = postSolution
		SolutionGuid = {F1D0E6FF-9A71-4B0D-9F1B-6F697159348F}
	EndGlobalSection
EndGlobal
